{
    "name": "npm-module-helper",
    "version": "0.1.3",
    "lockfileVersion": 1,
    "requires": true,
    "dependencies": {
        "@types/mocha": {
            "version": "2.2.48",
            "resolved": "http://registry.npm.taobao.org/@types/mocha/download/@types/mocha-2.2.48.tgz",
            "dev": true
        },
        "@types/node": {
            "version": "6.14.2",
            "resolved": "http://registry.npm.taobao.org/@types/node/download/@types/node-6.14.2.tgz",
            "dev": true
        },
        "empty-line": {
            "version": "1.0.3",
            "resolved": "http://192.168.1.28:4873/empty-line/-/empty-line-1.0.3.tgz",
            "integrity": "sha512-dMCs39Bu9KikiLSLdJtij8iu46iHaiWtKNR8RDNSEyJXfXlRRslPYScIrQI1RmkhWfREaGo79wWrwDrbXLKDEg==",
            "dev": true
        },
        "eslint": {
            "version": "3.19.0",
            "resolved": "http://registry.npm.taobao.org/eslint/download/eslint-3.19.0.tgz",
            "dev": true,
            "dependencies": {
                "babel-code-frame": {
                    "version": "http://registry.npm.taobao.org/babel-code-frame/download/babel-code-frame-6.26.0.tgz",
                    "bundled": true
                },
                "chalk": {
                    "version": "http://registry.npm.taobao.org/chalk/download/chalk-1.1.3.tgz",
                    "bundled": true,
                    "dependencies": {
                        "ansi-styles": {
                            "version": "http://registry.npm.taobao.org/ansi-styles/download/ansi-styles-2.2.1.tgz",
                            "bundled": true
                        },
                        "escape-string-regexp": {
                            "version": "http://registry.npm.taobao.org/escape-string-regexp/download/escape-string-regexp-1.0.5.tgz",
                            "bundled": true
                        },
                        "has-ansi": {
                            "version": "http://registry.npm.taobao.org/has-ansi/download/has-ansi-2.0.0.tgz",
                            "bundled": true
                        },
                        "strip-ansi": {
                            "version": "http://registry.npm.taobao.org/strip-ansi/download/strip-ansi-3.0.1.tgz",
                            "bundled": true
                        },
                        "supports-color": {
                            "version": "http://registry.npm.taobao.org/supports-color/download/supports-color-2.0.0.tgz",
                            "bundled": true
                        }
                    }
                },
                "concat-stream": {
                    "version": "http://registry.npm.taobao.org/concat-stream/download/concat-stream-1.6.2.tgz",
                    "bundled": true
                },
                "debug": {
                    "version": "http://registry.npm.taobao.org/debug/download/debug-2.6.9.tgz",
                    "bundled": true
                },
                "doctrine": {
                    "version": "http://registry.npm.taobao.org/doctrine/download/doctrine-2.1.0.tgz",
                    "bundled": true
                },
                "escope": {
                    "version": "http://registry.npm.taobao.org/escope/download/escope-3.6.0.tgz",
                    "bundled": true
                },
                "espree": {
                    "version": "http://registry.npm.taobao.org/espree/download/espree-3.5.4.tgz",
                    "bundled": true
                },
                "esquery": {
                    "version": "http://registry.npm.taobao.org/esquery/download/esquery-1.0.1.tgz",
                    "bundled": true
                },
                "estraverse": {
                    "version": "http://registry.npm.taobao.org/estraverse/download/estraverse-4.2.0.tgz",
                    "bundled": true
                },
                "esutils": {
                    "version": "http://registry.npm.taobao.org/esutils/download/esutils-2.0.2.tgz",
                    "bundled": true
                },
                "file-entry-cache": {
                    "version": "http://registry.npm.taobao.org/file-entry-cache/download/file-entry-cache-2.0.0.tgz",
                    "bundled": true
                },
                "glob": {
                    "version": "http://registry.npm.taobao.org/glob/download/glob-7.1.3.tgz",
                    "bundled": true,
                    "dependencies": {
                        "fs.realpath": {
                            "version": "http://registry.npm.taobao.org/fs.realpath/download/fs.realpath-1.0.0.tgz",
                            "bundled": true
                        },
                        "inflight": {
                            "version": "http://registry.npm.taobao.org/inflight/download/inflight-1.0.6.tgz",
                            "bundled": true,
                            "dependencies": {
                                "once": {
                                    "version": "http://registry.npm.taobao.org/once/download/once-1.4.0.tgz",
                                    "bundled": true
                                },
                                "wrappy": {
                                    "version": "http://registry.npm.taobao.org/wrappy/download/wrappy-1.0.2.tgz",
                                    "bundled": true
                                }
                            }
                        },
                        "inherits": {
                            "version": "http://registry.npm.taobao.org/inherits/download/inherits-2.0.3.tgz",
                            "bundled": true
                        },
                        "minimatch": {
                            "version": "http://registry.npm.taobao.org/minimatch/download/minimatch-3.0.4.tgz",
                            "bundled": true,
                            "dependencies": {
                                "brace-expansion": {
                                    "version": "http://registry.npm.taobao.org/brace-expansion/download/brace-expansion-1.1.11.tgz",
                                    "bundled": true
                                }
                            }
                        },
                        "once": {
                            "version": "http://registry.npm.taobao.org/once/download/once-1.4.0.tgz",
                            "bundled": true,
                            "dependencies": {
                                "wrappy": {
                                    "version": "http://registry.npm.taobao.org/wrappy/download/wrappy-1.0.2.tgz",
                                    "bundled": true
                                }
                            }
                        },
                        "path-is-absolute": {
                            "version": "http://registry.npm.taobao.org/path-is-absolute/download/path-is-absolute-1.0.1.tgz",
                            "bundled": true
                        }
                    }
                },
                "globals": {
                    "version": "http://registry.npm.taobao.org/globals/download/globals-9.18.0.tgz",
                    "bundled": true
                },
                "ignore": {
                    "version": "http://registry.npm.taobao.org/ignore/download/ignore-3.3.10.tgz",
                    "bundled": true
                },
                "imurmurhash": {
                    "version": "http://registry.npm.taobao.org/imurmurhash/download/imurmurhash-0.1.4.tgz",
                    "bundled": true
                },
                "inquirer": {
                    "version": "http://registry.npm.taobao.org/inquirer/download/inquirer-0.12.0.tgz",
                    "bundled": true
                },
                "is-my-json-valid": {
                    "version": "http://registry.npm.taobao.org/is-my-json-valid/download/is-my-json-valid-2.19.0.tgz",
                    "bundled": true
                },
                "is-resolvable": {
                    "version": "http://registry.npm.taobao.org/is-resolvable/download/is-resolvable-1.1.0.tgz",
                    "bundled": true
                },
                "js-yaml": {
                    "version": "http://registry.npm.taobao.org/js-yaml/download/js-yaml-3.12.0.tgz",
                    "bundled": true
                },
                "json-stable-stringify": {
                    "version": "http://registry.npm.taobao.org/json-stable-stringify/download/json-stable-stringify-1.0.1.tgz",
                    "bundled": true,
                    "dependencies": {
                        "jsonify": {
                            "version": "http://registry.npm.taobao.org/jsonify/download/jsonify-0.0.0.tgz",
                            "bundled": true
                        }
                    }
                },
                "levn": {
                    "version": "http://registry.npm.taobao.org/levn/download/levn-0.3.0.tgz",
                    "bundled": true
                },
                "lodash": {
                    "version": "http://registry.npm.taobao.org/lodash/download/lodash-4.17.11.tgz",
                    "bundled": true
                },
                "mkdirp": {
                    "version": "http://registry.npm.taobao.org/mkdirp/download/mkdirp-0.5.1.tgz",
                    "bundled": true,
                    "dependencies": {
                        "minimist": {
                            "version": "http://registry.npm.taobao.org/minimist/download/minimist-0.0.8.tgz"
                        }
                    }
                },
                "natural-compare": {
                    "version": "http://registry.npm.taobao.org/natural-compare/download/natural-compare-1.4.0.tgz",
                    "bundled": true
                },
                "optionator": {
                    "version": "http://registry.npm.taobao.org/optionator/download/optionator-0.8.2.tgz",
                    "bundled": true
                },
                "path-is-inside": {
                    "version": "http://registry.npm.taobao.org/path-is-inside/download/path-is-inside-1.0.2.tgz",
                    "bundled": true
                },
                "pluralize": {
                    "version": "http://registry.npm.taobao.org/pluralize/download/pluralize-1.2.1.tgz",
                    "bundled": true
                },
                "progress": {
                    "version": "http://registry.npm.taobao.org/progress/download/progress-1.1.8.tgz",
                    "bundled": true
                },
                "require-uncached": {
                    "version": "http://registry.npm.taobao.org/require-uncached/download/require-uncached-1.0.3.tgz",
                    "bundled": true
                },
                "shelljs": {
                    "version": "http://registry.npm.taobao.org/shelljs/download/shelljs-0.7.8.tgz",
                    "bundled": true
                },
                "strip-bom": {
                    "version": "http://registry.npm.taobao.org/strip-bom/download/strip-bom-3.0.0.tgz",
                    "bundled": true
                },
                "strip-json-comments": {
                    "version": "http://registry.npm.taobao.org/strip-json-comments/download/strip-json-comments-2.0.1.tgz",
                    "bundled": true
                },
                "table": {
                    "version": "http://registry.npm.taobao.org/table/download/table-3.8.3.tgz",
                    "bundled": true
                },
                "text-table": {
                    "version": "http://registry.npm.taobao.org/text-table/download/text-table-0.2.0.tgz",
                    "bundled": true
                },
                "user-home": {
                    "version": "http://registry.npm.taobao.org/user-home/download/user-home-2.0.0.tgz",
                    "bundled": true
                }
            }
        },
        "mocha": {
            "version": "2.5.3",
            "resolved": "http://registry.npm.taobao.org/mocha/download/mocha-2.5.3.tgz",
            "dev": true,
            "dependencies": {
                "commander": {
                    "version": "http://registry.npm.taobao.org/commander/download/commander-2.3.0.tgz",
                    "bundled": true
                },
                "debug": {
                    "version": "http://registry.npm.taobao.org/debug/download/debug-2.2.0.tgz",
                    "bundled": true
                },
                "diff": {
                    "version": "http://registry.npm.taobao.org/diff/download/diff-1.4.0.tgz",
                    "bundled": true
                },
                "escape-string-regexp": {
                    "version": "http://registry.npm.taobao.org/escape-string-regexp/download/escape-string-regexp-1.0.2.tgz",
                    "bundled": true
                },
                "glob": {
                    "version": "http://registry.npm.taobao.org/glob/download/glob-3.2.11.tgz",
                    "bundled": true
                },
                "growl": {
                    "version": "http://registry.npm.taobao.org/growl/download/growl-1.9.2.tgz",
                    "bundled": true
                },
                "jade": {
                    "version": "http://registry.npm.taobao.org/jade/download/jade-0.26.3.tgz",
                    "bundled": true
                },
                "mkdirp": {
                    "version": "http://registry.npm.taobao.org/mkdirp/download/mkdirp-0.5.1.tgz",
                    "bundled": true,
                    "dependencies": {
                        "minimist": {
                            "version": "http://registry.npm.taobao.org/minimist/download/minimist-0.0.8.tgz"
                        }
                    }
                },
                "supports-color": {
                    "version": "http://registry.npm.taobao.org/supports-color/download/supports-color-1.2.0.tgz",
                    "bundled": true
                },
                "to-iso-string": {
                    "version": "http://registry.npm.taobao.org/to-iso-string/download/to-iso-string-0.0.2.tgz",
                    "bundled": true
                }
            }
        },
        "typescript": {
            "version": "2.9.2",
            "resolved": "http://registry.npm.taobao.org/typescript/download/typescript-2.9.2.tgz",
            "dev": true
        },
        "vscode": {
            "version": "1.1.22",
            "resolved": "http://registry.npm.taobao.org/vscode/download/vscode-1.1.22.tgz",
            "dev": true,
            "dependencies": {
                "glob": {
                    "version": "http://registry.npm.taobao.org/glob/download/glob-7.1.3.tgz",
                    "bundled": true,
                    "dependencies": {
                        "fs.realpath": {
                            "version": "http://registry.npm.taobao.org/fs.realpath/download/fs.realpath-1.0.0.tgz",
                            "bundled": true
                        },
                        "inflight": {
                            "version": "http://registry.npm.taobao.org/inflight/download/inflight-1.0.6.tgz",
                            "bundled": true,
                            "dependencies": {}
                        },
                        "inherits": {
                            "version": "http://registry.npm.taobao.org/inherits/download/inherits-2.0.3.tgz",
                            "bundled": true
                        },
                        "minimatch": {
                            "version": "http://registry.npm.taobao.org/minimatch/download/minimatch-3.0.4.tgz",
                            "bundled": true,
                            "dependencies": {}
                        },
                        "once": {
                            "version": "http://registry.npm.taobao.org/once/download/once-1.4.0.tgz",
                            "bundled": true,
                            "dependencies": {}
                        },
                        "path-is-absolute": {
                            "version": "http://registry.npm.taobao.org/path-is-absolute/download/path-is-absolute-1.0.1.tgz",
                            "bundled": true
                        }
                    }
                },
                "gulp-chmod": {
                    "version": "http://registry.npm.taobao.org/gulp-chmod/download/gulp-chmod-2.0.0.tgz",
                    "bundled": true
                },
                "gulp-filter": {
                    "version": "http://registry.npm.taobao.org/gulp-filter/download/gulp-filter-5.1.0.tgz",
                    "bundled": true
                },
                "gulp-gunzip": {
                    "version": "http://registry.npm.taobao.org/gulp-gunzip/download/gulp-gunzip-1.0.0.tgz",
                    "bundled": true
                },
                "gulp-remote-src-vscode": {
                    "version": "http://registry.npm.taobao.org/gulp-remote-src-vscode/download/gulp-remote-src-vscode-0.5.1.tgz",
                    "bundled": true
                },
                "gulp-symdest": {
                    "version": "http://registry.npm.taobao.org/gulp-symdest/download/gulp-symdest-1.1.1.tgz",
                    "bundled": true,
                    "dependencies": {
                        "event-stream": {
                            "version": "http://registry.npm.taobao.org/event-stream/download/event-stream-3.3.4.tgz",
                            "bundled": true,
                            "dependencies": {
                                "duplexer": {
                                    "version": "http://registry.npm.taobao.org/duplexer/download/duplexer-0.1.1.tgz"
                                },
                                "from": {
                                    "version": "http://registry.npm.taobao.org/from/download/from-0.1.7.tgz"
                                },
                                "map-stream": {
                                    "version": "http://registry.npm.taobao.org/map-stream/download/map-stream-0.1.0.tgz"
                                },
                                "pause-stream": {
                                    "version": "http://registry.npm.taobao.org/pause-stream/download/pause-stream-0.0.11.tgz"
                                },
                                "split": {
                                    "version": "http://registry.npm.taobao.org/split/download/split-0.3.3.tgz"
                                },
                                "stream-combiner": {
                                    "version": "http://registry.npm.taobao.org/stream-combiner/download/stream-combiner-0.0.4.tgz"
                                },
                                "through": {
                                    "version": "http://registry.npm.taobao.org/through/download/through-2.3.8.tgz"
                                }
                            }
                        },
                        "mkdirp": {
                            "version": "http://registry.npm.taobao.org/mkdirp/download/mkdirp-0.5.1.tgz",
                            "bundled": true,
                            "dependencies": {
                                "minimist": {
                                    "version": "http://registry.npm.taobao.org/minimist/download/minimist-0.0.8.tgz"
                                }
                            }
                        },
                        "queue": {
                            "version": "http://registry.npm.taobao.org/queue/download/queue-3.1.0.tgz",
                            "bundled": true
                        },
                        "vinyl-fs": {
                            "version": "http://registry.npm.taobao.org/vinyl-fs/download/vinyl-fs-2.4.4.tgz",
                            "bundled": true
                        }
                    }
                },
                "gulp-untar": {
                    "version": "http://registry.npm.taobao.org/gulp-untar/download/gulp-untar-0.0.7.tgz",
                    "bundled": true,
                    "dependencies": {
                        "event-stream": {
                            "version": "http://registry.npm.taobao.org/event-stream/download/event-stream-3.3.5.tgz",
                            "bundled": true,
                            "dependencies": {
                                "duplexer": {
                                    "version": "http://registry.npm.taobao.org/duplexer/download/duplexer-0.1.1.tgz"
                                },
                                "from": {
                                    "version": "http://registry.npm.taobao.org/from/download/from-0.1.7.tgz"
                                },
                                "map-stream": {
                                    "version": "http://registry.npm.taobao.org/map-stream/download/map-stream-0.0.7.tgz"
                                },
                                "pause-stream": {
                                    "version": "http://registry.npm.taobao.org/pause-stream/download/pause-stream-0.0.11.tgz",
                                    "dependencies": {
                                        "through": {
                                            "version": "http://registry.npm.taobao.org/through/download/through-2.3.8.tgz",
                                            "bundled": true
                                        }
                                    }
                                },
                                "split": {
                                    "version": "http://registry.npm.taobao.org/split/download/split-1.0.1.tgz"
                                },
                                "stream-combiner": {
                                    "version": "http://registry.npm.taobao.org/stream-combiner/download/stream-combiner-0.2.2.tgz"
                                },
                                "through": {
                                    "version": "http://registry.npm.taobao.org/through/download/through-2.3.8.tgz"
                                }
                            }
                        },
                        "streamifier": {
                            "version": "http://registry.npm.taobao.org/streamifier/download/streamifier-0.1.1.tgz",
                            "bundled": true
                        },
                        "tar": {
                            "version": "http://registry.npm.taobao.org/tar/download/tar-2.2.1.tgz",
                            "bundled": true
                        },
                        "through2": {
                            "version": "http://registry.npm.taobao.org/through2/download/through2-2.0.5.tgz",
                            "bundled": true,
                            "dependencies": {
                                "readable-stream": {
                                    "version": "http://registry.npm.taobao.org/readable-stream/download/readable-stream-2.3.6.tgz",
                                    "dependencies": {
                                        "core-util-is": {
                                            "version": "http://registry.npm.taobao.org/core-util-is/download/core-util-is-1.0.2.tgz",
                                            "bundled": true
                                        },
                                        "inherits": {
                                            "version": "http://registry.npm.taobao.org/inherits/download/inherits-2.0.3.tgz",
                                            "bundled": true
                                        },
                                        "isarray": {
                                            "version": "http://registry.npm.taobao.org/isarray/download/isarray-1.0.0.tgz",
                                            "bundled": true
                                        },
                                        "process-nextick-args": {
                                            "version": "http://registry.npm.taobao.org/process-nextick-args/download/process-nextick-args-2.0.0.tgz",
                                            "bundled": true
                                        },
                                        "safe-buffer": {
                                            "version": "http://registry.npm.taobao.org/safe-buffer/download/safe-buffer-5.1.2.tgz",
                                            "bundled": true
                                        },
                                        "string_decoder": {
                                            "version": "http://registry.npm.taobao.org/string_decoder/download/string_decoder-1.1.1.tgz",
                                            "bundled": true
                                        },
                                        "util-deprecate": {
                                            "version": "http://registry.npm.taobao.org/util-deprecate/download/util-deprecate-1.0.2.tgz",
                                            "bundled": true
                                        }
                                    }
                                },
                                "xtend": {
                                    "version": "http://registry.npm.taobao.org/xtend/download/xtend-4.0.1.tgz"
                                }
                            }
                        },
                        "vinyl": {
                            "version": "http://registry.npm.taobao.org/vinyl/download/vinyl-1.2.0.tgz",
                            "bundled": true
                        }
                    }
                },
                "gulp-vinyl-zip": {
                    "version": "http://registry.npm.taobao.org/gulp-vinyl-zip/download/gulp-vinyl-zip-2.1.2.tgz",
                    "bundled": true,
                    "dependencies": {
                        "event-stream": {
                            "version": "http://registry.npm.taobao.org/event-stream/download/event-stream-3.3.4.tgz",
                            "dependencies": {
                                "duplexer": {
                                    "version": "http://registry.npm.taobao.org/duplexer/download/duplexer-0.1.1.tgz"
                                },
                                "from": {
                                    "version": "http://registry.npm.taobao.org/from/download/from-0.1.7.tgz"
                                },
                                "map-stream": {
                                    "version": "http://registry.npm.taobao.org/map-stream/download/map-stream-0.1.0.tgz"
                                },
                                "pause-stream": {
                                    "version": "http://registry.npm.taobao.org/pause-stream/download/pause-stream-0.0.11.tgz"
                                },
                                "split": {
                                    "version": "http://registry.npm.taobao.org/split/download/split-0.3.3.tgz"
                                },
                                "stream-combiner": {
                                    "version": "http://registry.npm.taobao.org/stream-combiner/download/stream-combiner-0.0.4.tgz"
                                },
                                "through": {
                                    "version": "http://registry.npm.taobao.org/through/download/through-2.3.8.tgz"
                                }
                            }
                        },
                        "queue": {
                            "version": "http://registry.npm.taobao.org/queue/download/queue-4.5.1.tgz"
                        },
                        "through2": {
                            "version": "http://registry.npm.taobao.org/through2/download/through2-2.0.5.tgz",
                            "dependencies": {
                                "readable-stream": {
                                    "version": "http://registry.npm.taobao.org/readable-stream/download/readable-stream-2.3.6.tgz",
                                    "dependencies": {}
                                },
                                "xtend": {
                                    "version": "http://registry.npm.taobao.org/xtend/download/xtend-4.0.1.tgz"
                                }
                            }
                        },
                        "vinyl": {
                            "version": "http://registry.npm.taobao.org/vinyl/download/vinyl-2.2.0.tgz"
                        },
                        "vinyl-fs": {
                            "version": "http://registry.npm.taobao.org/vinyl-fs/download/vinyl-fs-3.0.3.tgz"
                        },
                        "yauzl": {
                            "version": "http://registry.npm.taobao.org/yauzl/download/yauzl-2.10.0.tgz"
                        },
                        "yazl": {
                            "version": "http://registry.npm.taobao.org/yazl/download/yazl-2.5.0.tgz"
                        }
                    }
                },
                "mocha": {
                    "version": "http://registry.npm.taobao.org/mocha/download/mocha-4.1.0.tgz",
                    "bundled": true,
                    "dependencies": {
                        "browser-stdout": {
                            "version": "http://registry.npm.taobao.org/browser-stdout/download/browser-stdout-1.3.0.tgz"
                        },
                        "commander": {
                            "version": "http://registry.npm.taobao.org/commander/download/commander-2.11.0.tgz"
                        },
                        "debug": {
                            "version": "http://registry.npm.taobao.org/debug/download/debug-3.1.0.tgz"
                        },
                        "diff": {
                            "version": "http://registry.npm.taobao.org/diff/download/diff-3.3.1.tgz"
                        },
                        "escape-string-regexp": {
                            "version": "http://registry.npm.taobao.org/escape-string-regexp/download/escape-string-regexp-1.0.5.tgz"
                        },
                        "glob": {
                            "version": "http://registry.npm.taobao.org/glob/download/glob-7.1.2.tgz",
                            "dependencies": {
                                "fs.realpath": {
                                    "version": "http://registry.npm.taobao.org/fs.realpath/download/fs.realpath-1.0.0.tgz"
                                },
                                "inflight": {
                                    "version": "http://registry.npm.taobao.org/inflight/download/inflight-1.0.6.tgz",
                                    "dependencies": {
                                        "once": {
                                            "version": "http://registry.npm.taobao.org/once/download/once-1.4.0.tgz",
                                            "bundled": true
                                        },
                                        "wrappy": {
                                            "version": "http://registry.npm.taobao.org/wrappy/download/wrappy-1.0.2.tgz",
                                            "bundled": true
                                        }
                                    }
                                },
                                "inherits": {
                                    "version": "http://registry.npm.taobao.org/inherits/download/inherits-2.0.3.tgz"
                                },
                                "minimatch": {
                                    "version": "http://registry.npm.taobao.org/minimatch/download/minimatch-3.0.4.tgz"
                                },
                                "once": {
                                    "version": "http://registry.npm.taobao.org/once/download/once-1.4.0.tgz",
                                    "dependencies": {
                                        "wrappy": {
                                            "version": "http://registry.npm.taobao.org/wrappy/download/wrappy-1.0.2.tgz",
                                            "bundled": true
                                        }
                                    }
                                },
                                "path-is-absolute": {
                                    "version": "http://registry.npm.taobao.org/path-is-absolute/download/path-is-absolute-1.0.1.tgz"
                                }
                            }
                        },
                        "growl": {
                            "version": "http://registry.npm.taobao.org/growl/download/growl-1.10.3.tgz"
                        },
                        "he": {
                            "version": "http://registry.npm.taobao.org/he/download/he-1.1.1.tgz"
                        },
                        "mkdirp": {
                            "version": "http://registry.npm.taobao.org/mkdirp/download/mkdirp-0.5.1.tgz",
                            "dependencies": {
                                "minimist": {
                                    "version": "http://registry.npm.taobao.org/minimist/download/minimist-0.0.8.tgz"
                                }
                            }
                        },
                        "supports-color": {
                            "version": "http://registry.npm.taobao.org/supports-color/download/supports-color-4.4.0.tgz"
                        }
                    }
                },
                "request": {
                    "version": "http://registry.npm.taobao.org/request/download/request-2.88.0.tgz",
                    "bundled": true,
                    "dependencies": {
                        "aws-sign2": {
                            "version": "http://registry.npm.taobao.org/aws-sign2/download/aws-sign2-0.7.0.tgz",
                            "bundled": true
                        },
                        "aws4": {
                            "version": "http://registry.npm.taobao.org/aws4/download/aws4-1.8.0.tgz",
                            "bundled": true
                        },
                        "caseless": {
                            "version": "http://registry.npm.taobao.org/caseless/download/caseless-0.12.0.tgz",
                            "bundled": true
                        },
                        "combined-stream": {
                            "version": "http://registry.npm.taobao.org/combined-stream/download/combined-stream-1.0.7.tgz",
                            "bundled": true
                        },
                        "extend": {
                            "version": "http://registry.npm.taobao.org/extend/download/extend-3.0.2.tgz",
                            "bundled": true
                        },
                        "forever-agent": {
                            "version": "http://registry.npm.taobao.org/forever-agent/download/forever-agent-0.6.1.tgz",
                            "bundled": true
                        },
                        "form-data": {
                            "version": "http://registry.npm.taobao.org/form-data/download/form-data-2.3.3.tgz",
                            "bundled": true,
                            "dependencies": {
                                "asynckit": {
                                    "version": "http://registry.npm.taobao.org/asynckit/download/asynckit-0.4.0.tgz",
                                    "bundled": true
                                },
                                "combined-stream": {
                                    "version": "http://registry.npm.taobao.org/combined-stream/download/combined-stream-1.0.7.tgz",
                                    "bundled": true,
                                    "dependencies": {
                                        "delayed-stream": {
                                            "version": "http://registry.npm.taobao.org/delayed-stream/download/delayed-stream-1.0.0.tgz",
                                            "bundled": true
                                        }
                                    }
                                },
                                "mime-types": {
                                    "version": "http://registry.npm.taobao.org/mime-types/download/mime-types-2.1.21.tgz",
                                    "bundled": true
                                }
                            }
                        },
                        "har-validator": {
                            "version": "http://registry.npm.taobao.org/har-validator/download/har-validator-5.1.3.tgz",
                            "bundled": true
                        },
                        "http-signature": {
                            "version": "http://registry.npm.taobao.org/http-signature/download/http-signature-1.2.0.tgz",
                            "bundled": true
                        },
                        "is-typedarray": {
                            "version": "http://registry.npm.taobao.org/is-typedarray/download/is-typedarray-1.0.0.tgz",
                            "bundled": true
                        },
                        "isstream": {
                            "version": "http://registry.npm.taobao.org/isstream/download/isstream-0.1.2.tgz",
                            "bundled": true
                        },
                        "json-stringify-safe": {
                            "version": "http://registry.npm.taobao.org/json-stringify-safe/download/json-stringify-safe-5.0.1.tgz",
                            "bundled": true
                        },
                        "mime-types": {
                            "version": "http://registry.npm.taobao.org/mime-types/download/mime-types-2.1.21.tgz",
                            "bundled": true,
                            "dependencies": {
                                "mime-db": {
                                    "version": "http://registry.npm.taobao.org/mime-db/download/mime-db-1.37.0.tgz",
                                    "bundled": true
                                }
                            }
                        },
                        "oauth-sign": {
                            "version": "http://registry.npm.taobao.org/oauth-sign/download/oauth-sign-0.9.0.tgz",
                            "bundled": true
                        },
                        "performance-now": {
                            "version": "http://registry.npm.taobao.org/performance-now/download/performance-now-2.1.0.tgz",
                            "bundled": true
                        },
                        "qs": {
                            "version": "http://registry.npm.taobao.org/qs/download/qs-6.5.2.tgz",
                            "bundled": true
                        },
                        "safe-buffer": {
                            "version": "http://registry.npm.taobao.org/safe-buffer/download/safe-buffer-5.1.2.tgz",
                            "bundled": true
                        },
                        "tough-cookie": {
                            "version": "http://registry.npm.taobao.org/tough-cookie/download/tough-cookie-2.4.3.tgz",
                            "bundled": true
                        },
                        "tunnel-agent": {
                            "version": "http://registry.npm.taobao.org/tunnel-agent/download/tunnel-agent-0.6.0.tgz",
                            "bundled": true
                        },
                        "uuid": {
                            "version": "http://registry.npm.taobao.org/uuid/download/uuid-3.3.2.tgz",
                            "bundled": true
                        }
                    }
                },
                "semver": {
                    "version": "http://registry.npm.taobao.org/semver/download/semver-5.6.0.tgz",
                    "bundled": true
                },
                "source-map-support": {
                    "version": "http://registry.npm.taobao.org/source-map-support/download/source-map-support-0.5.9.tgz",
                    "bundled": true
                },
                "url-parse": {
                    "version": "http://registry.npm.taobao.org/url-parse/download/url-parse-1.4.4.tgz",
                    "bundled": true
                },
                "vinyl-source-stream": {
                    "version": "http://registry.npm.taobao.org/vinyl-source-stream/download/vinyl-source-stream-1.1.2.tgz",
                    "bundled": true,
                    "dependencies": {
                        "through2": {
                            "version": "http://registry.npm.taobao.org/through2/download/through2-2.0.5.tgz",
                            "dependencies": {
                                "readable-stream": {
                                    "version": "http://registry.npm.taobao.org/readable-stream/download/readable-stream-2.3.6.tgz",
                                    "dependencies": {}
                                },
                                "xtend": {
                                    "version": "http://registry.npm.taobao.org/xtend/download/xtend-4.0.1.tgz"
                                }
                            }
                        },
                        "vinyl": {
                            "version": "http://registry.npm.taobao.org/vinyl/download/vinyl-0.4.6.tgz",
                            "dependencies": {
                                "clone": {
                                    "version": "http://registry.npm.taobao.org/clone/download/clone-0.2.0.tgz"
                                },
                                "clone-stats": {
                                    "version": "http://registry.npm.taobao.org/clone-stats/download/clone-stats-0.0.1.tgz"
                                }
                            }
                        }
                    }
                }
            }
        }
    }
}
